
Microsoft Visual Studio Solution File, Format Version 12.00
# Visual Studio Version 17
VisualStudioVersion = 17.11.35208.52
MinimumVisualStudioVersion = 10.0.40219.1
Project("{FAE04EC0-301F-11D3-BF4B-00C04F79EFBC}") = "Task1", "Task1\Task1.csproj", "{D9D2E406-EC47-425F-9651-F6555CC715EC}"
EndProject
Project("{FAE04EC0-301F-11D3-BF4B-00C04F79EFBC}") = "Task2", "Task2\Task2.csproj", "{A8BD3A3E-E711-49A4-8A46-9056F07508B8}"
EndProject
Global
	GlobalSection(SolutionConfigurationPlatforms) = preSolution
		Debug|Any CPU = Debug|Any CPU
		Release|Any CPU = Release|Any CPU
	EndGlobalSection
	GlobalSection(ProjectConfigurationPlatforms) = postSolution
		{D9D2E406-EC47-425F-9651-F6555CC715EC}.Debug|Any CPU.ActiveCfg = Debug|Any CPU
		{D9D2E406-EC47-425F-9651-F6555CC715EC}.Debug|Any CPU.Build.0 = Debug|Any CPU
		{D9D2E406-EC47-425F-9651-F6555CC715EC}.Release|Any CPU.ActiveCfg = Release|Any CPU
		{D9D2E406-EC47-425F-9651-F6555CC715EC}.Release|Any CPU.Build.0 = Release|Any CPU
		{A8BD3A3E-E711-49A4-8A46-9056F07508B8}.Debug|Any CPU.ActiveCfg = Debug|Any CPU
		{A8BD3A3E-E711-49A4-8A46-9056F07508B8}.Debug|Any CPU.Build.0 = Debug|Any CPU
		{A8BD3A3E-E711-49A4-8A46-9056F07508B8}.Release|Any CPU.ActiveCfg = Release|Any CPU
		{A8BD3A3E-E711-49A4-8A46-9056F07508B8}.Release|Any CPU.Build.0 = Release|Any CPU
	EndGlobalSection
	GlobalSection(SolutionProperties) = preSolution
		HideSolutionNode = FALSE
	EndGlobalSection
	GlobalSection(ExtensibilityGlobals) = postSolution
		SolutionGuid = {1BB7DDD9-E1D2-4F7C-AA3E-CF6BD9119580}
	EndGlobalSection
EndGlobal
